
Microsoft Visual Studio Solution File, Format Version 12.00
# Visual Studio Version 17
VisualStudioVersion = 17.10.35013.160
MinimumVisualStudioVersion = 10.0.40219.1
Project("{9A19103F-16F7-4668-BE54-9A1E7A4F7556}") = "dms", "RestAPI\dms.csproj", "{5DD6AAFE-3674-4D38-94DD-7052336846C2}"
EndProject
Project("{E53339B2-1760-4266-BCC7-CA923CBCF16C}") = "docker-compose", "docker-compose.dcproj", "{79132E5C-1A85-4403-BD4F-6EC8C92D2548}"
EndProject
Project("{FAE04EC0-301F-11D3-BF4B-00C04F79EFBC}") = "web-ui", "web-ui\web-ui.csproj", "{70701AA2-06AD-4DB5-B476-6FBF1A6274A0}"
EndProject
Global
	GlobalSection(SolutionConfigurationPlatforms) = preSolution
		Debug|Any CPU = Debug|Any CPU
		Release|Any CPU = Release|Any CPU
	EndGlobalSection
	GlobalSection(ProjectConfigurationPlatforms) = postSolution
		{5DD6AAFE-3674-4D38-94DD-7052336846C2}.Debug|Any CPU.ActiveCfg = Debug|Any CPU
		{5DD6AAFE-3674-4D38-94DD-7052336846C2}.Debug|Any CPU.Build.0 = Debug|Any CPU
		{5DD6AAFE-3674-4D38-94DD-7052336846C2}.Release|Any CPU.ActiveCfg = Release|Any CPU
		{5DD6AAFE-3674-4D38-94DD-7052336846C2}.Release|Any CPU.Build.0 = Release|Any CPU
		{79132E5C-1A85-4403-BD4F-6EC8C92D2548}.Debug|Any CPU.ActiveCfg = Debug|Any CPU
		{79132E5C-1A85-4403-BD4F-6EC8C92D2548}.Debug|Any CPU.Build.0 = Debug|Any CPU
		{79132E5C-1A85-4403-BD4F-6EC8C92D2548}.Release|Any CPU.ActiveCfg = Release|Any CPU
		{79132E5C-1A85-4403-BD4F-6EC8C92D2548}.Release|Any CPU.Build.0 = Release|Any CPU
		{70701AA2-06AD-4DB5-B476-6FBF1A6274A0}.Debug|Any CPU.ActiveCfg = Debug|Any CPU
		{70701AA2-06AD-4DB5-B476-6FBF1A6274A0}.Debug|Any CPU.Build.0 = Debug|Any CPU
		{70701AA2-06AD-4DB5-B476-6FBF1A6274A0}.Release|Any CPU.ActiveCfg = Release|Any CPU
		{70701AA2-06AD-4DB5-B476-6FBF1A6274A0}.Release|Any CPU.Build.0 = Release|Any CPU
	EndGlobalSection
	GlobalSection(SolutionProperties) = preSolution
		HideSolutionNode = FALSE
	EndGlobalSection
	GlobalSection(ExtensibilityGlobals) = postSolution
		SolutionGuid = {FA85D8E9-1DB3-4BD1-ADAF-E3FC2C3EEFB1}
	EndGlobalSection
EndGlobal
